
Microsoft Visual Studio Solution File, Format Version 12.00
# Visual Studio 14
VisualStudioVersion = 14.0.24720.0
MinimumVisualStudioVersion = 10.0.40219.1
Project("{FAE04EC0-301F-11D3-BF4B-00C04F79EFBC}") = "TryFSharp.Droid", "TryFSharp\TryFSharp.Droid\TryFSharp.Droid.csproj", "{57FB1676-637C-41CB-B2A7-843BC3343C36}"
EndProject
Project("{FAE04EC0-301F-11D3-BF4B-00C04F79EFBC}") = "TryFSharp.iOS", "TryFSharp\TryFSharp.iOS\TryFSharp.iOS.csproj", "{53F9C612-6A1F-4190-8C74-8A1327A4C613}"
EndProject
Project("{FAE04EC0-301F-11D3-BF4B-00C04F79EFBC}") = "TryFSharp.WinPhone", "TryFSharp\TryFSharp.WinPhone\TryFSharp.WinPhone.csproj", "{E282C857-0A72-4018-8899-9598043B7030}"
EndProject
Project("{F2A71F9B-5D33-465A-A702-920D77279786}") = "TryFSharp", "TryFSharp\TryFSharp\TryFSharp.fsproj", "{F1082D59-7901-4D38-8A62-B69E88FCD58C}"
EndProject
Global
	GlobalSection(SolutionConfigurationPlatforms) = preSolution
		Ad-Hoc|Any CPU = Ad-Hoc|Any CPU
		Ad-Hoc|ARM = Ad-Hoc|ARM
		Ad-Hoc|iPhone = Ad-Hoc|iPhone
		Ad-Hoc|iPhoneSimulator = Ad-Hoc|iPhoneSimulator
		Ad-Hoc|x86 = Ad-Hoc|x86
		AppStore|Any CPU = AppStore|Any CPU
		AppStore|ARM = AppStore|ARM
		AppStore|iPhone = AppStore|iPhone
		AppStore|iPhoneSimulator = AppStore|iPhoneSimulator
		AppStore|x86 = AppStore|x86
		Debug|Any CPU = Debug|Any CPU
		Debug|ARM = Debug|ARM
		Debug|iPhone = Debug|iPhone
		Debug|iPhoneSimulator = Debug|iPhoneSimulator
		Debug|x86 = Debug|x86
		Release|Any CPU = Release|Any CPU
		Release|ARM = Release|ARM
		Release|iPhone = Release|iPhone
		Release|iPhoneSimulator = Release|iPhoneSimulator
		Release|x86 = Release|x86
	EndGlobalSection
	GlobalSection(ProjectConfigurationPlatforms) = postSolution
		{57FB1676-637C-41CB-B2A7-843BC3343C36}.Ad-Hoc|Any CPU.ActiveCfg = Release|Any CPU
		{57FB1676-637C-41CB-B2A7-843BC3343C36}.Ad-Hoc|Any CPU.Build.0 = Release|Any CPU
		{57FB1676-637C-41CB-B2A7-843BC3343C36}.Ad-Hoc|Any CPU.Deploy.0 = Release|Any CPU
		{57FB1676-637C-41CB-B2A7-843BC3343C36}.Ad-Hoc|ARM.ActiveCfg = Release|Any CPU
		{57FB1676-637C-41CB-B2A7-843BC3343C36}.Ad-Hoc|ARM.Build.0 = Release|Any CPU
		{57FB1676-637C-41CB-B2A7-843BC3343C36}.Ad-Hoc|ARM.Deploy.0 = Release|Any CPU
		{57FB1676-637C-41CB-B2A7-843BC3343C36}.Ad-Hoc|iPhone.ActiveCfg = Release|Any CPU
		{57FB1676-637C-41CB-B2A7-843BC3343C36}.Ad-Hoc|iPhone.Build.0 = Release|Any CPU
		{57FB1676-637C-41CB-B2A7-843BC3343C36}.Ad-Hoc|iPhone.Deploy.0 = Release|Any CPU
		{57FB1676-637C-41CB-B2A7-843BC3343C36}.Ad-Hoc|iPhoneSimulator.ActiveCfg = Release|Any CPU
		{57FB1676-637C-41CB-B2A7-843BC3343C36}.Ad-Hoc|iPhoneSimulator.Build.0 = Release|Any CPU
		{57FB1676-637C-41CB-B2A7-843BC3343C36}.Ad-Hoc|iPhoneSimulator.Deploy.0 = Release|Any CPU
		{57FB1676-637C-41CB-B2A7-843BC3343C36}.Ad-Hoc|x86.ActiveCfg = Release|Any CPU
		{57FB1676-637C-41CB-B2A7-843BC3343C36}.Ad-Hoc|x86.Build.0 = Release|Any CPU
		{57FB1676-637C-41CB-B2A7-843BC3343C36}.Ad-Hoc|x86.Deploy.0 = Release|Any CPU
		{57FB1676-637C-41CB-B2A7-843BC3343C36}.AppStore|Any CPU.ActiveCfg = Release|Any CPU
		{57FB1676-637C-41CB-B2A7-843BC3343C36}.AppStore|Any CPU.Build.0 = Release|Any CPU
		{57FB1676-637C-41CB-B2A7-843BC3343C36}.AppStore|Any CPU.Deploy.0 = Release|Any CPU
		{57FB1676-637C-41CB-B2A7-843BC3343C36}.AppStore|ARM.ActiveCfg = Release|Any CPU
		{57FB1676-637C-41CB-B2A7-843BC3343C36}.AppStore|ARM.Build.0 = Release|Any CPU
		{57FB1676-637C-41CB-B2A7-843BC3343C36}.AppStore|ARM.Deploy.0 = Release|Any CPU
		{57FB1676-637C-41CB-B2A7-843BC3343C36}.AppStore|iPhone.ActiveCfg = Release|Any CPU
		{57FB1676-637C-41CB-B2A7-843BC3343C36}.AppStore|iPhone.Build.0 = Release|Any CPU
		{57FB1676-637C-41CB-B2A7-843BC3343C36}.AppStore|iPhone.Deploy.0 = Release|Any CPU
		{57FB1676-637C-41CB-B2A7-843BC3343C36}.AppStore|iPhoneSimulator.ActiveCfg = Release|Any CPU
		{57FB1676-637C-41CB-B2A7-843BC3343C36}.AppStore|iPhoneSimulator.Build.0 = Release|Any CPU
		{57FB1676-637C-41CB-B2A7-843BC3343C36}.AppStore|iPhoneSimulator.Deploy.0 = Release|Any CPU
		{57FB1676-637C-41CB-B2A7-843BC3343C36}.AppStore|x86.ActiveCfg = Release|Any CPU
		{57FB1676-637C-41CB-B2A7-843BC3343C36}.AppStore|x86.Build.0 = Release|Any CPU
		{57FB1676-637C-41CB-B2A7-843BC3343C36}.AppStore|x86.Deploy.0 = Release|Any CPU
		{57FB1676-637C-41CB-B2A7-843BC3343C36}.Debug|Any CPU.ActiveCfg = Debug|Any CPU
		{57FB1676-637C-41CB-B2A7-843BC3343C36}.Debug|Any CPU.Build.0 = Debug|Any CPU
		{57FB1676-637C-41CB-B2A7-843BC3343C36}.Debug|Any CPU.Deploy.0 = Debug|Any CPU
		{57FB1676-637C-41CB-B2A7-843BC3343C36}.Debug|ARM.ActiveCfg = Debug|Any CPU
		{57FB1676-637C-41CB-B2A7-843BC3343C36}.Debug|ARM.Build.0 = Debug|Any CPU
		{57FB1676-637C-41CB-B2A7-843BC3343C36}.Debug|ARM.Deploy.0 = Debug|Any CPU
		{57FB1676-637C-41CB-B2A7-843BC3343C36}.Debug|iPhone.ActiveCfg = Debug|Any CPU
		{57FB1676-637C-41CB-B2A7-843BC3343C36}.Debug|iPhone.Build.0 = Debug|Any CPU
		{57FB1676-637C-41CB-B2A7-843BC3343C36}.Debug|iPhone.Deploy.0 = Debug|Any CPU
		{57FB1676-637C-41CB-B2A7-843BC3343C36}.Debug|iPhoneSimulator.ActiveCfg = Debug|Any CPU
		{57FB1676-637C-41CB-B2A7-843BC3343C36}.Debug|iPhoneSimulator.Build.0 = Debug|Any CPU
		{57FB1676-637C-41CB-B2A7-843BC3343C36}.Debug|iPhoneSimulator.Deploy.0 = Debug|Any CPU
		{57FB1676-637C-41CB-B2A7-843BC3343C36}.Debug|x86.ActiveCfg = Debug|Any CPU
		{57FB1676-637C-41CB-B2A7-843BC3343C36}.Debug|x86.Build.0 = Debug|Any CPU
		{57FB1676-637C-41CB-B2A7-843BC3343C36}.Debug|x86.Deploy.0 = Debug|Any CPU
		{57FB1676-637C-41CB-B2A7-843BC3343C36}.Release|Any CPU.ActiveCfg = Release|Any CPU
		{57FB1676-637C-41CB-B2A7-843BC3343C36}.Release|Any CPU.Build.0 = Release|Any CPU
		{57FB1676-637C-41CB-B2A7-843BC3343C36}.Release|Any CPU.Deploy.0 = Release|Any CPU
		{57FB1676-637C-41CB-B2A7-843BC3343C36}.Release|ARM.ActiveCfg = Release|Any CPU
		{57FB1676-637C-41CB-B2A7-843BC3343C36}.Release|ARM.Build.0 = Release|Any CPU
		{57FB1676-637C-41CB-B2A7-843BC3343C36}.Release|ARM.Deploy.0 = Release|Any CPU
		{57FB1676-637C-41CB-B2A7-843BC3343C36}.Release|iPhone.ActiveCfg = Release|Any CPU
		{57FB1676-637C-41CB-B2A7-843BC3343C36}.Release|iPhone.Build.0 = Release|Any CPU
		{57FB1676-637C-41CB-B2A7-843BC3343C36}.Release|iPhone.Deploy.0 = Release|Any CPU
		{57FB1676-637C-41CB-B2A7-843BC3343C36}.Release|iPhoneSimulator.ActiveCfg = Release|Any CPU
		{57FB1676-637C-41CB-B2A7-843BC3343C36}.Release|iPhoneSimulator.Build.0 = Release|Any CPU
		{57FB1676-637C-41CB-B2A7-843BC3343C36}.Release|iPhoneSimulator.Deploy.0 = Release|Any CPU
		{57FB1676-637C-41CB-B2A7-843BC3343C36}.Release|x86.ActiveCfg = Release|Any CPU
		{57FB1676-637C-41CB-B2A7-843BC3343C36}.Release|x86.Build.0 = Release|Any CPU
		{57FB1676-637C-41CB-B2A7-843BC3343C36}.Release|x86.Deploy.0 = Release|Any CPU
		{53F9C612-6A1F-4190-8C74-8A1327A4C613}.Ad-Hoc|Any CPU.ActiveCfg = Ad-Hoc|iPhone
		{53F9C612-6A1F-4190-8C74-8A1327A4C613}.Ad-Hoc|ARM.ActiveCfg = Ad-Hoc|iPhone
		{53F9C612-6A1F-4190-8C74-8A1327A4C613}.Ad-Hoc|iPhone.ActiveCfg = Ad-Hoc|iPhone
		{53F9C612-6A1F-4190-8C74-8A1327A4C613}.Ad-Hoc|iPhone.Build.0 = Ad-Hoc|iPhone
		{53F9C612-6A1F-4190-8C74-8A1327A4C613}.Ad-Hoc|iPhoneSimulator.ActiveCfg = Ad-Hoc|iPhoneSimulator
		{53F9C612-6A1F-4190-8C74-8A1327A4C613}.Ad-Hoc|iPhoneSimulator.Build.0 = Ad-Hoc|iPhoneSimulator
		{53F9C612-6A1F-4190-8C74-8A1327A4C613}.Ad-Hoc|x86.ActiveCfg = Ad-Hoc|iPhone
		{53F9C612-6A1F-4190-8C74-8A1327A4C613}.AppStore|Any CPU.ActiveCfg = AppStore|iPhone
		{53F9C612-6A1F-4190-8C74-8A1327A4C613}.AppStore|ARM.ActiveCfg = AppStore|iPhone
		{53F9C612-6A1F-4190-8C74-8A1327A4C613}.AppStore|iPhone.ActiveCfg = AppStore|iPhone
		{53F9C612-6A1F-4190-8C74-8A1327A4C613}.AppStore|iPhone.Build.0 = AppStore|iPhone
		{53F9C612-6A1F-4190-8C74-8A1327A4C613}.AppStore|iPhoneSimulator.ActiveCfg = AppStore|iPhoneSimulator
		{53F9C612-6A1F-4190-8C74-8A1327A4C613}.AppStore|iPhoneSimulator.Build.0 = AppStore|iPhoneSimulator
		{53F9C612-6A1F-4190-8C74-8A1327A4C613}.AppStore|x86.ActiveCfg = AppStore|iPhone
		{53F9C612-6A1F-4190-8C74-8A1327A4C613}.Debug|Any CPU.ActiveCfg = Debug|iPhone
		{53F9C612-6A1F-4190-8C74-8A1327A4C613}.Debug|ARM.ActiveCfg = Debug|iPhone
		{53F9C612-6A1F-4190-8C74-8A1327A4C613}.Debug|iPhone.ActiveCfg = Debug|iPhone
		{53F9C612-6A1F-4190-8C74-8A1327A4C613}.Debug|iPhone.Build.0 = Debug|iPhone
		{53F9C612-6A1F-4190-8C74-8A1327A4C613}.Debug|iPhoneSimulator.ActiveCfg = Debug|iPhoneSimulator
		{53F9C612-6A1F-4190-8C74-8A1327A4C613}.Debug|iPhoneSimulator.Build.0 = Debug|iPhoneSimulator
		{53F9C612-6A1F-4190-8C74-8A1327A4C613}.Debug|x86.ActiveCfg = Debug|iPhone
		{53F9C612-6A1F-4190-8C74-8A1327A4C613}.Release|Any CPU.ActiveCfg = Release|iPhone
		{53F9C612-6A1F-4190-8C74-8A1327A4C613}.Release|ARM.ActiveCfg = Release|iPhone
		{53F9C612-6A1F-4190-8C74-8A1327A4C613}.Release|iPhone.ActiveCfg = Release|iPhone
		{53F9C612-6A1F-4190-8C74-8A1327A4C613}.Release|iPhone.Build.0 = Release|iPhone
		{53F9C612-6A1F-4190-8C74-8A1327A4C613}.Release|iPhoneSimulator.ActiveCfg = Release|iPhoneSimulator
		{53F9C612-6A1F-4190-8C74-8A1327A4C613}.Release|iPhoneSimulator.Build.0 = Release|iPhoneSimulator
		{53F9C612-6A1F-4190-8C74-8A1327A4C613}.Release|x86.ActiveCfg = Release|iPhone
		{E282C857-0A72-4018-8899-9598043B7030}.Ad-Hoc|Any CPU.ActiveCfg = Release|Any CPU
		{E282C857-0A72-4018-8899-9598043B7030}.Ad-Hoc|Any CPU.Build.0 = Release|Any CPU
		{E282C857-0A72-4018-8899-9598043B7030}.Ad-Hoc|Any CPU.Deploy.0 = Release|Any CPU
		{E282C857-0A72-4018-8899-9598043B7030}.Ad-Hoc|ARM.ActiveCfg = Release|ARM
		{E282C857-0A72-4018-8899-9598043B7030}.Ad-Hoc|ARM.Build.0 = Release|ARM
		{E282C857-0A72-4018-8899-9598043B7030}.Ad-Hoc|ARM.Deploy.0 = Release|ARM
		{E282C857-0A72-4018-8899-9598043B7030}.Ad-Hoc|iPhone.ActiveCfg = Release|Any CPU
		{E282C857-0A72-4018-8899-9598043B7030}.Ad-Hoc|iPhone.Build.0 = Release|Any CPU
		{E282C857-0A72-4018-8899-9598043B7030}.Ad-Hoc|iPhone.Deploy.0 = Release|Any CPU
		{E282C857-0A72-4018-8899-9598043B7030}.Ad-Hoc|iPhoneSimulator.ActiveCfg = Release|Any CPU
		{E282C857-0A72-4018-8899-9598043B7030}.Ad-Hoc|iPhoneSimulator.Build.0 = Release|Any CPU
		{E282C857-0A72-4018-8899-9598043B7030}.Ad-Hoc|iPhoneSimulator.Deploy.0 = Release|Any CPU
		{E282C857-0A72-4018-8899-9598043B7030}.Ad-Hoc|x86.ActiveCfg = Release|x86
		{E282C857-0A72-4018-8899-9598043B7030}.Ad-Hoc|x86.Build.0 = Release|x86
		{E282C857-0A72-4018-8899-9598043B7030}.Ad-Hoc|x86.Deploy.0 = Release|x86
		{E282C857-0A72-4018-8899-9598043B7030}.AppStore|Any CPU.ActiveCfg = Release|Any CPU
		{E282C857-0A72-4018-8899-9598043B7030}.AppStore|Any CPU.Build.0 = Release|Any CPU
		{E282C857-0A72-4018-8899-9598043B7030}.AppStore|Any CPU.Deploy.0 = Release|Any CPU
		{E282C857-0A72-4018-8899-9598043B7030}.AppStore|ARM.ActiveCfg = Release|ARM
		{E282C857-0A72-4018-8899-9598043B7030}.AppStore|ARM.Build.0 = Release|ARM
		{E282C857-0A72-4018-8899-9598043B7030}.AppStore|ARM.Deploy.0 = Release|ARM
		{E282C857-0A72-4018-8899-9598043B7030}.AppStore|iPhone.ActiveCfg = Release|Any CPU
		{E282C857-0A72-4018-8899-9598043B7030}.AppStore|iPhone.Build.0 = Release|Any CPU
		{E282C857-0A72-4018-8899-9598043B7030}.AppStore|iPhone.Deploy.0 = Release|Any CPU
		{E282C857-0A72-4018-8899-9598043B7030}.AppStore|iPhoneSimulator.ActiveCfg = Release|Any CPU
		{E282C857-0A72-4018-8899-9598043B7030}.AppStore|iPhoneSimulator.Build.0 = Release|Any CPU
		{E282C857-0A72-4018-8899-9598043B7030}.AppStore|iPhoneSimulator.Deploy.0 = Release|Any CPU
		{E282C857-0A72-4018-8899-9598043B7030}.AppStore|x86.ActiveCfg = Release|x86
		{E282C857-0A72-4018-8899-9598043B7030}.AppStore|x86.Build.0 = Release|x86
		{E282C857-0A72-4018-8899-9598043B7030}.AppStore|x86.Deploy.0 = Release|x86
		{E282C857-0A72-4018-8899-9598043B7030}.Debug|Any CPU.ActiveCfg = Debug|Any CPU
		{E282C857-0A72-4018-8899-9598043B7030}.Debug|Any CPU.Build.0 = Debug|Any CPU
		{E282C857-0A72-4018-8899-9598043B7030}.Debug|Any CPU.Deploy.0 = Debug|Any CPU
		{E282C857-0A72-4018-8899-9598043B7030}.Debug|ARM.ActiveCfg = Debug|ARM
		{E282C857-0A72-4018-8899-9598043B7030}.Debug|ARM.Build.0 = Debug|ARM
		{E282C857-0A72-4018-8899-9598043B7030}.Debug|ARM.Deploy.0 = Debug|ARM
		{E282C857-0A72-4018-8899-9598043B7030}.Debug|iPhone.ActiveCfg = Debug|Any CPU
		{E282C857-0A72-4018-8899-9598043B7030}.Debug|iPhone.Build.0 = Debug|Any CPU
		{E282C857-0A72-4018-8899-9598043B7030}.Debug|iPhone.Deploy.0 = Debug|Any CPU
		{E282C857-0A72-4018-8899-9598043B7030}.Debug|iPhoneSimulator.ActiveCfg = Debug|Any CPU
		{E282C857-0A72-4018-8899-9598043B7030}.Debug|iPhoneSimulator.Build.0 = Debug|Any CPU
		{E282C857-0A72-4018-8899-9598043B7030}.Debug|iPhoneSimulator.Deploy.0 = Debug|Any CPU
		{E282C857-0A72-4018-8899-9598043B7030}.Debug|x86.ActiveCfg = Debug|x86
		{E282C857-0A72-4018-8899-9598043B7030}.Debug|x86.Build.0 = Debug|x86
		{E282C857-0A72-4018-8899-9598043B7030}.Debug|x86.Deploy.0 = Debug|x86
		{E282C857-0A72-4018-8899-9598043B7030}.Release|Any CPU.ActiveCfg = Release|Any CPU
		{E282C857-0A72-4018-8899-9598043B7030}.Release|Any CPU.Build.0 = Release|Any CPU
		{E282C857-0A72-4018-8899-9598043B7030}.Release|Any CPU.Deploy.0 = Release|Any CPU
		{E282C857-0A72-4018-8899-9598043B7030}.Release|ARM.ActiveCfg = Release|ARM
		{E282C857-0A72-4018-8899-9598043B7030}.Release|ARM.Build.0 = Release|ARM
		{E282C857-0A72-4018-8899-9598043B7030}.Release|ARM.Deploy.0 = Release|ARM
		{E282C857-0A72-4018-8899-9598043B7030}.Release|iPhone.ActiveCfg = Release|Any CPU
		{E282C857-0A72-4018-8899-9598043B7030}.Release|iPhone.Build.0 = Release|Any CPU
		{E282C857-0A72-4018-8899-9598043B7030}.Release|iPhone.Deploy.0 = Release|Any CPU
		{E282C857-0A72-4018-8899-9598043B7030}.Release|iPhoneSimulator.ActiveCfg = Release|Any CPU
		{E282C857-0A72-4018-8899-9598043B7030}.Release|iPhoneSimulator.Build.0 = Release|Any CPU
		{E282C857-0A72-4018-8899-9598043B7030}.Release|iPhoneSimulator.Deploy.0 = Release|Any CPU
		{E282C857-0A72-4018-8899-9598043B7030}.Release|x86.ActiveCfg = Release|x86
		{E282C857-0A72-4018-8899-9598043B7030}.Release|x86.Build.0 = Release|x86
		{E282C857-0A72-4018-8899-9598043B7030}.Release|x86.Deploy.0 = Release|x86
		{F1082D59-7901-4D38-8A62-B69E88FCD58C}.Ad-Hoc|Any CPU.ActiveCfg = Release|Any CPU
		{F1082D59-7901-4D38-8A62-B69E88FCD58C}.Ad-Hoc|Any CPU.Build.0 = Release|Any CPU
		{F1082D59-7901-4D38-8A62-B69E88FCD58C}.Ad-Hoc|ARM.ActiveCfg = Release|Any CPU
		{F1082D59-7901-4D38-8A62-B69E88FCD58C}.Ad-Hoc|ARM.Build.0 = Release|Any CPU
		{F1082D59-7901-4D38-8A62-B69E88FCD58C}.Ad-Hoc|iPhone.ActiveCfg = Release|Any CPU
		{F1082D59-7901-4D38-8A62-B69E88FCD58C}.Ad-Hoc|iPhone.Build.0 = Release|Any CPU
		{F1082D59-7901-4D38-8A62-B69E88FCD58C}.Ad-Hoc|iPhoneSimulator.ActiveCfg = Release|Any CPU
		{F1082D59-7901-4D38-8A62-B69E88FCD58C}.Ad-Hoc|iPhoneSimulator.Build.0 = Release|Any CPU
		{F1082D59-7901-4D38-8A62-B69E88FCD58C}.Ad-Hoc|x86.ActiveCfg = Release|Any CPU
		{F1082D59-7901-4D38-8A62-B69E88FCD58C}.Ad-Hoc|x86.Build.0 = Release|Any CPU
		{F1082D59-7901-4D38-8A62-B69E88FCD58C}.AppStore|Any CPU.ActiveCfg = Release|Any CPU
		{F1082D59-7901-4D38-8A62-B69E88FCD58C}.AppStore|Any CPU.Build.0 = Release|Any CPU
		{F1082D59-7901-4D38-8A62-B69E88FCD58C}.AppStore|ARM.ActiveCfg = Release|Any CPU
		{F1082D59-7901-4D38-8A62-B69E88FCD58C}.AppStore|ARM.Build.0 = Release|Any CPU
		{F1082D59-7901-4D38-8A62-B69E88FCD58C}.AppStore|iPhone.ActiveCfg = Release|Any CPU
		{F1082D59-7901-4D38-8A62-B69E88FCD58C}.AppStore|iPhone.Build.0 = Release|Any CPU
		{F1082D59-7901-4D38-8A62-B69E88FCD58C}.AppStore|iPhoneSimulator.ActiveCfg = Release|Any CPU
		{F1082D59-7901-4D38-8A62-B69E88FCD58C}.AppStore|iPhoneSimulator.Build.0 = Release|Any CPU
		{F1082D59-7901-4D38-8A62-B69E88FCD58C}.AppStore|x86.ActiveCfg = Release|Any CPU
		{F1082D59-7901-4D38-8A62-B69E88FCD58C}.AppStore|x86.Build.0 = Release|Any CPU
		{F1082D59-7901-4D38-8A62-B69E88FCD58C}.Debug|Any CPU.ActiveCfg = Debug|Any CPU
		{F1082D59-7901-4D38-8A62-B69E88FCD58C}.Debug|Any CPU.Build.0 = Debug|Any CPU
		{F1082D59-7901-4D38-8A62-B69E88FCD58C}.Debug|ARM.ActiveCfg = Debug|Any CPU
		{F1082D59-7901-4D38-8A62-B69E88FCD58C}.Debug|ARM.Build.0 = Debug|Any CPU
		{F1082D59-7901-4D38-8A62-B69E88FCD58C}.Debug|iPhone.ActiveCfg = Debug|Any CPU
		{F1082D59-7901-4D38-8A62-B69E88FCD58C}.Debug|iPhone.Build.0 = Debug|Any CPU
		{F1082D59-7901-4D38-8A62-B69E88FCD58C}.Debug|iPhoneSimulator.ActiveCfg = Debug|Any CPU
		{F1082D59-7901-4D38-8A62-B69E88FCD58C}.Debug|iPhoneSimulator.Build.0 = Debug|Any CPU
		{F1082D59-7901-4D38-8A62-B69E88FCD58C}.Debug|x86.ActiveCfg = Debug|Any CPU
		{F1082D59-7901-4D38-8A62-B69E88FCD58C}.Debug|x86.Build.0 = Debug|Any CPU
		{F1082D59-7901-4D38-8A62-B69E88FCD58C}.Release|Any CPU.ActiveCfg = Release|Any CPU
		{F1082D59-7901-4D38-8A62-B69E88FCD58C}.Release|Any CPU.Build.0 = Release|Any CPU
		{F1082D59-7901-4D38-8A62-B69E88FCD58C}.Release|ARM.ActiveCfg = Release|Any CPU
		{F1082D59-7901-4D38-8A62-B69E88FCD58C}.Release|ARM.Build.0 = Release|Any CPU
		{F1082D59-7901-4D38-8A62-B69E88FCD58C}.Release|iPhone.ActiveCfg = Release|Any CPU
		{F1082D59-7901-4D38-8A62-B69E88FCD58C}.Release|iPhone.Build.0 = Release|Any CPU
		{F1082D59-7901-4D38-8A62-B69E88FCD58C}.Release|iPhoneSimulator.ActiveCfg = Release|Any CPU
		{F1082D59-7901-4D38-8A62-B69E88FCD58C}.Release|iPhoneSimulator.Build.0 = Release|Any CPU
		{F1082D59-7901-4D38-8A62-B69E88FCD58C}.Release|x86.ActiveCfg = Release|Any CPU
		{F1082D59-7901-4D38-8A62-B69E88FCD58C}.Release|x86.Build.0 = Release|Any CPU
	EndGlobalSection
	GlobalSection(SolutionProperties) = preSolution
		HideSolutionNode = FALSE
	EndGlobalSection
EndGlobal
